#MicroXplorer Configuration settings - do not modify
Mcu.Family=STM32L4
ProjectManager.MainLocation=Src
PA2.GPIO_PuPd=GPIO_NOPULL
I2C2.IPParameters=Timing
RCC.USART1Freq_Value=80000000
PA14\ (JTCK/SWCLK).GPIOParameters=GPIO_Label
RCC.SAI1Freq_Value=9142857.142857144
USART2.IPParameters=VirtualMode-Asynchronous
RCC.CortexFreq_Value=80000000
Dma.USART2_TX.2.RequestParameters=Instance,Direction,PeriphInc,MemInc,PeriphDataAlignment,MemDataAlignment,Mode,Priority
ProjectManager.KeepUserCode=true
Mcu.UserName=STM32L452RETx
PH0-OSC_IN\ (PH0).Signal=RCC_OSC_IN
PH0-OSC_IN\ (PH0).Locked=true
PC10.Signal=UART4_TX
RCC.PLLSAI1RoutputFreq_Value=32000000
PC5.Locked=true
Dma.TIM3_CH4/UP.0.Mode=DMA_NORMAL
PA3.GPIO_PuPd=GPIO_NOPULL
I2C2.Timing=0x10909CEC
ProjectManager.functionlistsort=1-MX_GPIO_Init-GPIO-false-HAL-true,2-MX_DMA_Init-DMA-false-HAL-true,3-SystemClock_Config-RCC-false-HAL-false,4-MX_TIM2_Init-TIM2-false-HAL-true,5-MX_TIM3_Init-TIM3-false-HAL-true,6-MX_USART2_UART_Init-USART2-false-HAL-true,7-MX_ADC1_Init-ADC1-false-HAL-true,8-MX_I2C1_Init-I2C1-false-HAL-true,9-MX_I2C2_Init-I2C2-false-HAL-true,10-MX_UART4_Init-UART4-false-HAL-true,11-MX_USB_PCD_Init-USB-false-HAL-true
PA2.GPIO_Speed=GPIO_SPEED_FREQ_VERY_HIGH
PC6.GPIO_Label=BATT_ADC_ENABLE
PC3.Locked=true
PA11.Mode=Device
PA3.GPIOParameters=GPIO_Speed,GPIO_PuPd,GPIO_Label,GPIO_Mode
PA6.GPIO_Label=BATT_ADC_IN
PB6.GPIO_Label=ACCEL_EXTI_0
RCC.USART2Freq_Value=80000000
PC15-OSC32_OUT\ (PC15).Mode=LSE-External-Oscillator
TIM2.Channel-PWM\ Generation2\ CH2=TIM_CHANNEL_2
PC13.GPIO_Label=B1 [Blue PushButton]
PA3.GPIO_Speed=GPIO_SPEED_FREQ_VERY_HIGH
PB11.Signal=I2C2_SDA
PB3\ (JTDO/TRACESWO).GPIOParameters=GPIO_Label
PB13.Signal=I2C2_SCL
PA2.GPIOParameters=GPIO_Speed,GPIO_PuPd,GPIO_Label,GPIO_Mode
PinOutPanel.RotationAngle=0
TIM3.Channel-PWM\ Generation4\ CH4=TIM_CHANNEL_4
Dma.USART2_RX.1.MemDataAlignment=DMA_MDATAALIGN_BYTE
RCC.MCO1PinFreq_Value=80000000
RCC.SYSCLKSource=RCC_SYSCLKSOURCE_PLLCLK
ProjectManager.StackSize=0x400
PC14-OSC32_IN\ (PC14).Mode=LSE-External-Oscillator
SH.GPXTI13.0=GPIO_EXTI13
NVIC.DMA1_Channel3_IRQn=true\:0\:0\:false\:false\:true\:false\:true
Dma.USART2_TX.2.PeriphDataAlignment=DMA_PDATAALIGN_BYTE
RCC.I2C3Freq_Value=80000000
RCC.LPTIM1Freq_Value=80000000
Mcu.IP4=NVIC
Mcu.IP5=RCC
RCC.FCLKCortexFreq_Value=80000000
Mcu.IP2=I2C1
I2C1.IPParameters=Timing
NVIC.SVCall_IRQn=true\:0\:0\:false\:false\:true\:true\:false
Mcu.IP3=I2C2
Mcu.IP0=ADC1
PA14\ (JTCK/SWCLK).Signal=SYS_JTCK-SWCLK
Mcu.IP1=DMA
PA12.Signal=USB_DP
Mcu.UserConstants=
RCC.VCOSAI1OutputFreq_Value=64000000
RCC.SDMMCFreq_Value=48000000
SH.GPXTI13.ConfNb=1
Mcu.ThirdPartyNb=0
ADC1.Channel-3\#ChannelRegularConversion=ADC_CHANNEL_11
RCC.HCLKFreq_Value=80000000
RCC.I2C4Freq_Value=80000000
Mcu.IPNb=12
TIM2.IPParameters=Channel-PWM Generation2 CH2,Channel-PWM Generation3 CH3,Channel-PWM Generation1 CH1
ProjectManager.PreviousToolchain=
RCC.APB2TimFreq_Value=80000000
PB6.Signal=GPIO_Input
Dma.USART2_RX.1.PeriphInc=DMA_PINC_DISABLE
PC3.Signal=GPIO_Output
Mcu.Pin6=PC3
Mcu.Pin7=PA0
Mcu.Pin8=PA1
Mcu.Pin9=PA2
Dma.USART2_RX.1.MemInc=DMA_MINC_ENABLE
RCC.AHBFreq_Value=80000000
RCC.PREFETCH_ENABLE=1
Mcu.Pin0=PC13
Mcu.Pin1=PC14-OSC32_IN (PC14)
GPIO.groupedBy=Group By Peripherals
Mcu.Pin2=PC15-OSC32_OUT (PC15)
Mcu.Pin3=PH0-OSC_IN (PH0)
RCC.USART3Freq_Value=80000000
Mcu.Pin4=PH1-OSC_OUT (PH1)
NVIC.EXTI15_10_IRQn=true\:0\:0\:false\:false\:true\:true\:true
Mcu.Pin5=PC2
ProjectManager.ProjectBuild=false
Dma.USART2_RX.1.RequestParameters=Instance,Direction,PeriphInc,MemInc,PeriphDataAlignment,MemDataAlignment,Mode,Priority
RCC.HSE_VALUE=8000000
NVIC.UsageFault_IRQn=true\:0\:0\:false\:false\:true\:true\:false
NVIC.DebugMonitor_IRQn=true\:0\:0\:false\:false\:true\:true\:false
Dma.USART2_TX.2.Priority=DMA_PRIORITY_LOW
Mcu.IP10=USART2
USART2.VirtualMode-Asynchronous=VM_ASYNC
NVIC.SysTick_IRQn=true\:0\:0\:false\:false\:true\:true\:true
Mcu.IP11=USB
ProjectManager.FirmwarePackage=STM32Cube FW_L4 V1.15.1
MxDb.Version=DB.5.0.60
PA13\ (JTMS/SWDIO).GPIO_Label=TMS
ProjectManager.BackupPrevious=false
RCC.VCOInputFreq_Value=4000000
PC4.GPIO_Label=BT_GPIO_2
PB1.GPIO_Speed=GPIO_SPEED_FREQ_VERY_HIGH
PA5.GPIO_PuPd=GPIO_NOPULL
Dma.USART2_TX.2.MemDataAlignment=DMA_MDATAALIGN_BYTE
File.Version=6
PC13.GPIO_PuPd=GPIO_PULLDOWN
Dma.TIM3_CH4/UP.0.RequestParameters=Instance,Direction,PeriphInc,MemInc,PeriphDataAlignment,MemDataAlignment,Mode,Priority
SH.ADCx_IN11.ConfNb=1
SH.S_TIM2_CH1.ConfNb=1
PB7.Signal=GPIO_Input
PA14\ (JTCK/SWCLK).Mode=Serial_Wire
RCC.PLLRCLKFreq_Value=80000000
TIM2.Channel-PWM\ Generation1\ CH1=TIM_CHANNEL_1
PB6.Locked=true
NVIC.PendSV_IRQn=true\:0\:0\:false\:false\:true\:true\:false
PA13\ (JTMS/SWDIO).Locked=true
Dma.RequestsNb=3
PB6.GPIOParameters=GPIO_Label
ProjectManager.HalAssertFull=false
ProjectManager.ProjectName=l4_light_thing
PA0.Signal=S_TIM2_CH1
PB7.GPIO_Label=ACCEL_EXTI_1
Mcu.Package=LQFP64
PB1.Signal=S_TIM3_CH4
PA6.Signal=ADCx_IN11
PA5.Locked=true
Dma.TIM3_CH4/UP.0.Priority=DMA_PRIORITY_LOW
ProjectManager.ToolChainLocation=
PA2.GPIO_Label=USART_TX
PA14\ (JTCK/SWCLK).Locked=true
RCC.LSI_VALUE=32000
VP_SYS_VS_Systick.Signal=SYS_VS_Systick
RCC.LSCOPinFreq_Value=32000
PA10.Signal=I2C1_SDA
Dma.TIM3_CH4/UP.0.Direction=DMA_MEMORY_TO_PERIPH
RCC.DFSDMFreq_Value=80000000
PA5.GPIOParameters=GPIO_Speed,GPIO_PuPd,GPIO_Label,GPIO_ModeDefaultOutputPP
PC11.Mode=Asynchronous
PC14-OSC32_IN\ (PC14).Locked=true
PA14\ (JTCK/SWCLK).GPIO_Label=TCK
RCC.PLLPoutputFreq_Value=22857142.85714286
Dma.Request2=USART2_TX
Dma.Request1=USART2_RX
RCC.APB1TimFreq_Value=80000000
NVIC.BusFault_IRQn=true\:0\:0\:false\:false\:true\:true\:false
PC4.Locked=true
RCC.LPUART1Freq_Value=80000000
PC5.Signal=GPIO_Output
PB13.Mode=I2C
RCC.CK48CLockSelection=RCC_USBCLKSOURCE_HSI48
Dma.USART2_RX.1.Mode=DMA_CIRCULAR
Dma.Request0=TIM3_CH4/UP
PC2.GPIO_Label=BT_GPIO_0
Dma.TIM3_CH4/UP.0.PeriphDataAlignment=DMA_PDATAALIGN_WORD
ProjectManager.CustomerFirmwarePackage=
PC4.GPIOParameters=GPIO_Label
VP_TIM3_VS_ClockSourceINT.Mode=Internal
RCC.HSI48_VALUE=48000000
RCC.PLLSAI1N=16
PA3.Signal=USART2_RX
PA2.GPIO_Mode=GPIO_MODE_AF_PP
PA2.Locked=true
PA6.GPIOParameters=GPIO_Label
PB3\ (JTDO/TRACESWO).GPIO_Label=SWO
RCC.MSI_VALUE=4000000
NVIC.DMA1_Channel6_IRQn=true\:0\:0\:false\:false\:true\:false\:true
Dma.USART2_TX.2.PeriphInc=DMA_PINC_DISABLE
RCC.PLLQoutputFreq_Value=80000000
ProjectManager.ProjectFileName=l4_light_thing.ioc
Dma.USART2_RX.1.Priority=DMA_PRIORITY_LOW
SH.S_TIM2_CH1.0=TIM2_CH1,PWM Generation1 CH1
PA13\ (JTMS/SWDIO).Mode=Serial_Wire
PA10.Mode=I2C
Mcu.PinsNb=33
TIM3.AutoReloadPreload=TIM_AUTORELOAD_PRELOAD_ENABLE
ProjectManager.NoMain=false
Dma.USART2_TX.2.MemInc=DMA_MINC_ENABLE
ADC1.IPParameters=Rank-3\#ChannelRegularConversion,Channel-3\#ChannelRegularConversion,SamplingTime-3\#ChannelRegularConversion,OffsetNumber-3\#ChannelRegularConversion,NbrOfConversionFlag,master
PC13.Locked=true
PC13.Signal=GPXTI13
PC11.Signal=UART4_RX
RCC.SWPMI1Freq_Value=80000000
ADC1.OffsetNumber-3\#ChannelRegularConversion=ADC_OFFSET_NONE
PC2.Signal=GPIO_Output
PC4.Signal=GPIO_Output
PC6.Signal=GPIO_Output
PC10.Mode=Asynchronous
ProjectManager.DefaultFWLocation=true
PC15-OSC32_OUT\ (PC15).Signal=RCC_OSC32_OUT
ProjectManager.DeletePrevious=true
RCC.VCOSAI2OutputFreq_Value=128000000
boardIOC=true
PA13\ (JTMS/SWDIO).GPIOParameters=GPIO_Label
NVIC.USART2_IRQn=true\:0\:0\:false\:false\:true\:true\:true
RCC.FamilyName=M
PH1-OSC_OUT\ (PH1).Signal=RCC_OSC_OUT
PC3.GPIOParameters=GPIO_Label
PA3.Mode=Asynchronous
SH.S_TIM2_CH2.0=TIM2_CH2,PWM Generation2 CH2
PA9.Mode=I2C
PB11.Mode=I2C
PB3\ (JTDO/TRACESWO).Locked=true
PB3\ (JTDO/TRACESWO).Signal=SYS_JTDO-SWO
ProjectManager.TargetToolchain=Makefile
PA3.GPIO_Mode=GPIO_MODE_AF_PP
PB7.GPIOParameters=GPIO_Label
PC5.GPIOParameters=GPIO_Label
PC6.Locked=true
PA9.Signal=I2C1_SCL
SH.S_TIM2_CH2.ConfNb=1
I2C1.Timing=0x10909CEC
Dma.TIM3_CH4/UP.0.Instance=DMA1_Channel3
PC2.Locked=true
PC15-OSC32_OUT\ (PC15).Locked=true
RCC.USBFreq_Value=48000000
VP_TIM3_VS_ClockSourceINT.Signal=TIM3_VS_ClockSourceINT
PA1.Signal=S_TIM2_CH2
Dma.USART2_RX.1.Instance=DMA1_Channel6
RCC.PLLSAI1PoutputFreq_Value=9142857.142857144
PB10.Signal=S_TIM2_CH3
Dma.USART2_RX.1.Direction=DMA_PERIPH_TO_MEMORY
PA5.Signal=GPIO_Output
Dma.USART2_RX.1.PeriphDataAlignment=DMA_PDATAALIGN_BYTE
PH1-OSC_OUT\ (PH1).Locked=true
board=NUCLEO-L452RE
RCC.VCOOutputFreq_Value=160000000
ProjectManager.LastFirmware=true
RCC.APB2Freq_Value=80000000
RCC.UART4Freq_Value=80000000
SH.ADCx_IN11.0=ADC1_IN11,IN11-Single-Ended
MxCube.Version=5.6.1
PA5.GPIO_ModeDefaultOutputPP=GPIO_MODE_OUTPUT_PP
RCC.I2C1Freq_Value=80000000
SH.S_TIM2_CH3.0=TIM2_CH3,PWM Generation3 CH3
PC13.GPIOParameters=GPIO_PuPd,GPIO_Label,GPIO_ModeDefaultEXTI
RCC.RNGFreq_Value=48000000
PC2.GPIOParameters=GPIO_Label
RCC.PLLSAI1QoutputFreq_Value=32000000
Mcu.Pin30=PB7
RCC.ADCFreq_Value=32000000
VP_SYS_VS_Systick.Mode=SysTick
TIM2.Channel-PWM\ Generation3\ CH3=TIM_CHANNEL_3
TIM3.IPParameters=Channel-PWM Generation4 CH4,AutoReloadPreload
Mcu.Pin31=VP_SYS_VS_Systick
Mcu.Pin32=VP_TIM3_VS_ClockSourceINT
NVIC.NonMaskableInt_IRQn=true\:0\:0\:false\:false\:true\:true\:false
Dma.TIM3_CH4/UP.0.MemInc=DMA_MINC_ENABLE
SH.S_TIM2_CH3.ConfNb=1
RCC.UART5Freq_Value=80000000
ProjectManager.FreePins=false
RCC.IPParameters=ADCFreq_Value,AHBFreq_Value,APB1Freq_Value,APB1TimFreq_Value,APB2Freq_Value,APB2TimFreq_Value,CK48CLockSelection,CortexFreq_Value,DFSDMFreq_Value,FCLKCortexFreq_Value,FamilyName,HCLKFreq_Value,HSE_VALUE,HSI48_VALUE,HSI_VALUE,I2C1Freq_Value,I2C2Freq_Value,I2C3Freq_Value,I2C4Freq_Value,LPTIM1Freq_Value,LPTIM2Freq_Value,LPUART1Freq_Value,LSCOPinFreq_Value,LSI_VALUE,MCO1PinFreq_Value,MSI_VALUE,PLLN,PLLPoutputFreq_Value,PLLQoutputFreq_Value,PLLRCLKFreq_Value,PLLSAI1N,PLLSAI1PoutputFreq_Value,PLLSAI1QoutputFreq_Value,PLLSAI1RoutputFreq_Value,PREFETCH_ENABLE,PWRFreq_Value,RNGFreq_Value,SAI1Freq_Value,SDMMCFreq_Value,SWPMI1Freq_Value,SYSCLKFreq_VALUE,SYSCLKSource,UART4Freq_Value,UART5Freq_Value,USART1Freq_Value,USART2Freq_Value,USART3Freq_Value,USBFreq_Value,VCOInputFreq_Value,VCOOutputFreq_Value,VCOSAI1OutputFreq_Value,VCOSAI2OutputFreq_Value
ProjectManager.AskForMigrate=true
Mcu.Name=STM32L452R(C-E)Tx
RCC.LPTIM2Freq_Value=80000000
Mcu.Pin26=PC10
Mcu.Pin27=PC11
PA2.Signal=USART2_TX
Mcu.Pin24=PA13 (JTMS/SWDIO)
Dma.USART2_TX.2.Mode=DMA_CIRCULAR
ProjectManager.UnderRoot=false
Mcu.Pin25=PA14 (JTCK/SWCLK)
Mcu.IP8=TIM3
Mcu.IP9=UART4
Mcu.Pin28=PB3 (JTDO/TRACESWO)
Mcu.IP6=SYS
Mcu.Pin29=PB6
Mcu.IP7=TIM2
ProjectManager.CoupleFile=true
RCC.SYSCLKFreq_VALUE=80000000
Mcu.Pin22=PA11
Mcu.Pin23=PA12
Mcu.Pin20=PA9
ADC1.master=1
PA3.Locked=true
Mcu.Pin21=PA10
PA12.Mode=Device
PA5.GPIO_Label=LD4 [green Led]
ADC1.Rank-3\#ChannelRegularConversion=1
ADC1.SamplingTime-3\#ChannelRegularConversion=ADC_SAMPLETIME_2CYCLES_5
Dma.USART2_TX.2.Instance=DMA1_Channel7
NVIC.ForceEnableDMAVector=true
KeepUserPlacement=false
PC13.GPIO_ModeDefaultEXTI=GPIO_MODE_IT_RISING_FALLING
PC5.GPIO_Label=BT_GPIO_3
PC14-OSC32_IN\ (PC14).Signal=RCC_OSC32_IN
NVIC.MemoryManagement_IRQn=true\:0\:0\:false\:false\:true\:true\:false
ProjectManager.CompilerOptimize=6
PA11.Signal=USB_DM
ProjectManager.HeapSize=0x200
Mcu.Pin15=PB1
NVIC.HardFault_IRQn=true\:0\:0\:false\:false\:true\:true\:false
Mcu.Pin16=PB10
Mcu.Pin13=PC4
Dma.TIM3_CH4/UP.0.MemDataAlignment=DMA_MDATAALIGN_BYTE
PC6.GPIOParameters=GPIO_Label
Mcu.Pin14=PC5
Mcu.Pin19=PC6
ProjectManager.ComputerToolchain=false
Mcu.Pin17=PB11
RCC.HSI_VALUE=16000000
Mcu.Pin18=PB13
Dma.USART2_TX.2.Direction=DMA_MEMORY_TO_PERIPH
PA5.GPIO_Speed=GPIO_SPEED_FREQ_LOW
SH.S_TIM3_CH4.ConfNb=1
NVIC.PriorityGroup=NVIC_PRIORITYGROUP_4
ADC1.NbrOfConversionFlag=1
Mcu.Pin11=PA5
Mcu.Pin12=PA6
RCC.PLLN=40
Mcu.Pin10=PA3
PB7.Locked=true
PA2.Mode=Asynchronous
PC3.GPIO_Label=BT_GPIO_1
RCC.PWRFreq_Value=80000000
NVIC.DMA1_Channel7_IRQn=true\:0\:0\:false\:false\:true\:false\:true
RCC.I2C2Freq_Value=80000000
RCC.APB1Freq_Value=80000000
Dma.TIM3_CH4/UP.0.PeriphInc=DMA_PINC_DISABLE
ProjectManager.DeviceId=STM32L452RETx
ProjectManager.LibraryCopy=0
PA13\ (JTMS/SWDIO).Signal=SYS_JTMS-SWDIO
PA3.GPIO_Label=USART_RX
SH.S_TIM3_CH4.0=TIM3_CH4,PWM Generation4 CH4
PB1.GPIOParameters=GPIO_Speed
